
Microsoft Visual Studio Solution File, Format Version 12.00
# Visual Studio Version 16
VisualStudioVersion = 16.0.30523.141
MinimumVisualStudioVersion = 10.0.40219.1
Project("{8BC9CEB8-8B4A-11D0-8D11-00A0C91BC942}") = "CG_HW2", "CG_HW2\CG_HW2.vcxproj", "{CC7C4D5D-D5CB-4D97-86D6-BE0EC5DE3A3B}"
EndProject
Project("{8BC9CEB8-8B4A-11D0-8D11-00A0C91BC942}") = "GLSL_example", "GLSL_example\GLSL_example.vcxproj", "{A87949BC-EAFE-44A9-A332-5CD1361ED542}"
EndProject
Global
	GlobalSection(SolutionConfigurationPlatforms) = preSolution
		Debug|x64 = Debug|x64
		Debug|x86 = Debug|x86
		Release|x64 = Release|x64
		Release|x86 = Release|x86
	EndGlobalSection
	GlobalSection(ProjectConfigurationPlatforms) = postSolution
		{CC7C4D5D-D5CB-4D97-86D6-BE0EC5DE3A3B}.Debug|x64.ActiveCfg = Debug|x64
		{CC7C4D5D-D5CB-4D97-86D6-BE0EC5DE3A3B}.Debug|x64.Build.0 = Debug|x64
		{CC7C4D5D-D5CB-4D97-86D6-BE0EC5DE3A3B}.Debug|x86.ActiveCfg = Debug|Win32
		{CC7C4D5D-D5CB-4D97-86D6-BE0EC5DE3A3B}.Debug|x86.Build.0 = Debug|Win32
		{CC7C4D5D-D5CB-4D97-86D6-BE0EC5DE3A3B}.Release|x64.ActiveCfg = Release|x64
		{CC7C4D5D-D5CB-4D97-86D6-BE0EC5DE3A3B}.Release|x64.Build.0 = Release|x64
		{CC7C4D5D-D5CB-4D97-86D6-BE0EC5DE3A3B}.Release|x86.ActiveCfg = Release|Win32
		{CC7C4D5D-D5CB-4D97-86D6-BE0EC5DE3A3B}.Release|x86.Build.0 = Release|Win32
		{A87949BC-EAFE-44A9-A332-5CD1361ED542}.Debug|x64.ActiveCfg = Debug|x64
		{A87949BC-EAFE-44A9-A332-5CD1361ED542}.Debug|x64.Build.0 = Debug|x64
		{A87949BC-EAFE-44A9-A332-5CD1361ED542}.Debug|x86.ActiveCfg = Debug|Win32
		{A87949BC-EAFE-44A9-A332-5CD1361ED542}.Debug|x86.Build.0 = Debug|Win32
		{A87949BC-EAFE-44A9-A332-5CD1361ED542}.Release|x64.ActiveCfg = Release|x64
		{A87949BC-EAFE-44A9-A332-5CD1361ED542}.Release|x64.Build.0 = Release|x64
		{A87949BC-EAFE-44A9-A332-5CD1361ED542}.Release|x86.ActiveCfg = Release|Win32
		{A87949BC-EAFE-44A9-A332-5CD1361ED542}.Release|x86.Build.0 = Release|Win32
	EndGlobalSection
	GlobalSection(SolutionProperties) = preSolution
		HideSolutionNode = FALSE
	EndGlobalSection
	GlobalSection(ExtensibilityGlobals) = postSolution
		SolutionGuid = {186345C6-5C00-44A7-845D-4F8B504A0174}
	EndGlobalSection
EndGlobal
